
Microsoft Visual Studio Solution File, Format Version 12.00
# Visual Studio Version 17
VisualStudioVersion = 17.5.002.0
MinimumVisualStudioVersion = 10.0.40219.1
Project("{9A19103F-16F7-4668-BE54-9A1E7A4F7556}") = "WebApplication1", "WebApplication1.csproj", "{EC32AC50-4ACF-489D-B73C-AC40B7762902}"
EndProject
Global
	GlobalSection(SolutionConfigurationPlatforms) = preSolution
		Debug|Any CPU = Debug|Any CPU
		Release|Any CPU = Release|Any CPU
	EndGlobalSection
	GlobalSection(ProjectConfigurationPlatforms) = postSolution
		{EC32AC50-4ACF-489D-B73C-AC40B7762902}.Debug|Any CPU.ActiveCfg = Debug|Any CPU
		{EC32AC50-4ACF-489D-B73C-AC40B7762902}.Debug|Any CPU.Build.0 = Debug|Any CPU
		{EC32AC50-4ACF-489D-B73C-AC40B7762902}.Release|Any CPU.ActiveCfg = Release|Any CPU
		{EC32AC50-4ACF-489D-B73C-AC40B7762902}.Release|Any CPU.Build.0 = Release|Any CPU
	EndGlobalSection
	GlobalSection(SolutionProperties) = preSolution
		HideSolutionNode = FALSE
	EndGlobalSection
	GlobalSection(ExtensibilityGlobals) = postSolution
		SolutionGuid = {46331384-9779-4BE6-B777-E3C69335EC67}
	EndGlobalSection
EndGlobal
